
Microsoft Visual Studio Solution File, Format Version 11.00
# Visual Studio 2010
Project("{FAE04EC0-301F-11D3-BF4B-00C04F79EFBC}") = "JFShotter", "Assembly-CSharp.csproj", "{E68A4CA1-2585-C0CC-100A-090613C99904}"
EndProject
Project("{FAE04EC0-301F-11D3-BF4B-00C04F79EFBC}") = "JFShotter", "Assembly-CSharp-Editor.csproj", "{4398265A-24B0-733E-C158-CEA85FDB8A28}"
EndProject
Global
	GlobalSection(SolutionConfigurationPlatforms) = preSolution
		Debug|Any CPU = Debug|Any CPU
		Release|Any CPU = Release|Any CPU
	EndGlobalSection
	GlobalSection(ProjectConfigurationPlatforms) = postSolution
		{E68A4CA1-2585-C0CC-100A-090613C99904}.Debug|Any CPU.ActiveCfg = Debug|Any CPU
		{E68A4CA1-2585-C0CC-100A-090613C99904}.Debug|Any CPU.Build.0 = Debug|Any CPU
		{E68A4CA1-2585-C0CC-100A-090613C99904}.Release|Any CPU.ActiveCfg = Release|Any CPU
		{E68A4CA1-2585-C0CC-100A-090613C99904}.Release|Any CPU.Build.0 = Release|Any CPU
		{4398265A-24B0-733E-C158-CEA85FDB8A28}.Debug|Any CPU.ActiveCfg = Debug|Any CPU
		{4398265A-24B0-733E-C158-CEA85FDB8A28}.Debug|Any CPU.Build.0 = Debug|Any CPU
		{4398265A-24B0-733E-C158-CEA85FDB8A28}.Release|Any CPU.ActiveCfg = Release|Any CPU
		{4398265A-24B0-733E-C158-CEA85FDB8A28}.Release|Any CPU.Build.0 = Release|Any CPU
	EndGlobalSection
	GlobalSection(SolutionProperties) = preSolution
		HideSolutionNode = FALSE
	EndGlobalSection
	GlobalSection(MonoDevelopProperties) = preSolution
		StartupItem = Assembly-CSharp.csproj
	EndGlobalSection
EndGlobal
